
Microsoft Visual Studio Solution File, Format Version 12.00
# Visual Studio Version 17
VisualStudioVersion = 17.12.35527.113 d17.12
MinimumVisualStudioVersion = 10.0.40219.1
Project("{FAE04EC0-301F-11D3-BF4B-00C04F79EFBC}") = "Dimo_6", "Dimo_6.csproj", "{FB0B5747-9597-4BB7-AA3D-F0BD944ADEF2}"
EndProject
Project("{FAE04EC0-301F-11D3-BF4B-00C04F79EFBC}") = "commet", "..\commet\commet.csproj", "{716B6AA7-3A40-4439-AA57-064542BDCA55}"
EndProject
Global
	GlobalSection(SolutionConfigurationPlatforms) = preSolution
		Debug|Any CPU = Debug|Any CPU
		Release|Any CPU = Release|Any CPU
	EndGlobalSection
	GlobalSection(ProjectConfigurationPlatforms) = postSolution
		{FB0B5747-9597-4BB7-AA3D-F0BD944ADEF2}.Debug|Any CPU.ActiveCfg = Debug|Any CPU
		{FB0B5747-9597-4BB7-AA3D-F0BD944ADEF2}.Debug|Any CPU.Build.0 = Debug|Any CPU
		{FB0B5747-9597-4BB7-AA3D-F0BD944ADEF2}.Release|Any CPU.ActiveCfg = Release|Any CPU
		{FB0B5747-9597-4BB7-AA3D-F0BD944ADEF2}.Release|Any CPU.Build.0 = Release|Any CPU
		{716B6AA7-3A40-4439-AA57-064542BDCA55}.Debug|Any CPU.ActiveCfg = Debug|Any CPU
		{716B6AA7-3A40-4439-AA57-064542BDCA55}.Debug|Any CPU.Build.0 = Debug|Any CPU
		{716B6AA7-3A40-4439-AA57-064542BDCA55}.Release|Any CPU.ActiveCfg = Release|Any CPU
		{716B6AA7-3A40-4439-AA57-064542BDCA55}.Release|Any CPU.Build.0 = Release|Any CPU
	EndGlobalSection
	GlobalSection(SolutionProperties) = preSolution
		HideSolutionNode = FALSE
	EndGlobalSection
EndGlobal
